
Microsoft Visual Studio Solution File, Format Version 12.00
# Visual Studio Version 16
VisualStudioVersion = 16.0.31313.79
MinimumVisualStudioVersion = 10.0.40219.1
Project("{9A19103F-16F7-4668-BE54-9A1E7A4F7556}") = "Airiti_msit_129", "Airiti_msit_129\Airiti_msit_129.csproj", "{F44D2FF7-1E2C-49AC-93F7-228BA5F1861A}"
EndProject
Project("{FAE04EC0-301F-11D3-BF4B-00C04F79EFBC}") = "DelegateEvent_Leo_WeiChung", "DelegateEvent_Leo_WeiChung\DelegateEvent_Leo_WeiChung.csproj", "{6176AAED-C9CF-4448-B3A0-8F322B873D94}"
EndProject
Project("{9A19103F-16F7-4668-BE54-9A1E7A4F7556}") = "SchemaNote_11083", "SchemaNote_11083\SchemaNote_11083.csproj", "{2BD1964D-A21A-4273-BD79-6F7AB886D2AE}"
EndProject
Project("{9A19103F-16F7-4668-BE54-9A1E7A4F7556}") = "SchemaNote_11084", "SchemaNote_11084\SchemaNote_11084.csproj", "{C3D3084D-37C1-4DA4-B009-207D7FD01B51}"
EndProject
Project("{9A19103F-16F7-4668-BE54-9A1E7A4F7556}") = "SchemaNote_11085", "SchemaNote_11085\SchemaNote_11085.csproj", "{A9A9131A-29E8-4B1D-AB9F-65B56F94D3A1}"
EndProject
Project("{9A19103F-16F7-4668-BE54-9A1E7A4F7556}") = "SchemaNote_A11087", "SchemaNote_11087\SchemaNote_A11087.csproj", "{693DC061-ABB7-409F-8DBB-451AE97C0C03}"
EndProject
Global
	GlobalSection(SolutionConfigurationPlatforms) = preSolution
		Debug|Any CPU = Debug|Any CPU
		Release|Any CPU = Release|Any CPU
	EndGlobalSection
	GlobalSection(ProjectConfigurationPlatforms) = postSolution
		{F44D2FF7-1E2C-49AC-93F7-228BA5F1861A}.Debug|Any CPU.ActiveCfg = Debug|Any CPU
		{F44D2FF7-1E2C-49AC-93F7-228BA5F1861A}.Debug|Any CPU.Build.0 = Debug|Any CPU
		{F44D2FF7-1E2C-49AC-93F7-228BA5F1861A}.Release|Any CPU.ActiveCfg = Release|Any CPU
		{F44D2FF7-1E2C-49AC-93F7-228BA5F1861A}.Release|Any CPU.Build.0 = Release|Any CPU
		{6176AAED-C9CF-4448-B3A0-8F322B873D94}.Debug|Any CPU.ActiveCfg = Debug|Any CPU
		{6176AAED-C9CF-4448-B3A0-8F322B873D94}.Debug|Any CPU.Build.0 = Debug|Any CPU
		{6176AAED-C9CF-4448-B3A0-8F322B873D94}.Release|Any CPU.ActiveCfg = Release|Any CPU
		{6176AAED-C9CF-4448-B3A0-8F322B873D94}.Release|Any CPU.Build.0 = Release|Any CPU
		{2BD1964D-A21A-4273-BD79-6F7AB886D2AE}.Debug|Any CPU.ActiveCfg = Debug|Any CPU
		{2BD1964D-A21A-4273-BD79-6F7AB886D2AE}.Debug|Any CPU.Build.0 = Debug|Any CPU
		{2BD1964D-A21A-4273-BD79-6F7AB886D2AE}.Release|Any CPU.ActiveCfg = Release|Any CPU
		{2BD1964D-A21A-4273-BD79-6F7AB886D2AE}.Release|Any CPU.Build.0 = Release|Any CPU
		{C3D3084D-37C1-4DA4-B009-207D7FD01B51}.Debug|Any CPU.ActiveCfg = Debug|Any CPU
		{C3D3084D-37C1-4DA4-B009-207D7FD01B51}.Debug|Any CPU.Build.0 = Debug|Any CPU
		{C3D3084D-37C1-4DA4-B009-207D7FD01B51}.Release|Any CPU.ActiveCfg = Release|Any CPU
		{C3D3084D-37C1-4DA4-B009-207D7FD01B51}.Release|Any CPU.Build.0 = Release|Any CPU
		{A9A9131A-29E8-4B1D-AB9F-65B56F94D3A1}.Debug|Any CPU.ActiveCfg = Debug|Any CPU
		{A9A9131A-29E8-4B1D-AB9F-65B56F94D3A1}.Debug|Any CPU.Build.0 = Debug|Any CPU
		{A9A9131A-29E8-4B1D-AB9F-65B56F94D3A1}.Release|Any CPU.ActiveCfg = Release|Any CPU
		{A9A9131A-29E8-4B1D-AB9F-65B56F94D3A1}.Release|Any CPU.Build.0 = Release|Any CPU
		{693DC061-ABB7-409F-8DBB-451AE97C0C03}.Debug|Any CPU.ActiveCfg = Debug|Any CPU
		{693DC061-ABB7-409F-8DBB-451AE97C0C03}.Debug|Any CPU.Build.0 = Debug|Any CPU
		{693DC061-ABB7-409F-8DBB-451AE97C0C03}.Release|Any CPU.ActiveCfg = Release|Any CPU
		{693DC061-ABB7-409F-8DBB-451AE97C0C03}.Release|Any CPU.Build.0 = Release|Any CPU
	EndGlobalSection
	GlobalSection(SolutionProperties) = preSolution
		HideSolutionNode = FALSE
	EndGlobalSection
	GlobalSection(ExtensibilityGlobals) = postSolution
		SolutionGuid = {7F2CE314-7665-4EF2-AD3F-D70FA632A9A8}
	EndGlobalSection
EndGlobal
