
Microsoft Visual Studio Solution File, Format Version 12.00
# Visual Studio Version 16
VisualStudioVersion = 16.0.30907.101
MinimumVisualStudioVersion = 10.0.40219.1
Project("{FAE04EC0-301F-11D3-BF4B-00C04F79EFBC}") = "SchemaNote_11086", "SchemaNote_11086\SchemaNote_11086.csproj", "{81A9AF47-A4C4-42C5-8494-2F628D396515}"
EndProject
Global
	GlobalSection(SolutionConfigurationPlatforms) = preSolution
		Debug|Any CPU = Debug|Any CPU
		Release|Any CPU = Release|Any CPU
	EndGlobalSection
	GlobalSection(ProjectConfigurationPlatforms) = postSolution
		{81A9AF47-A4C4-42C5-8494-2F628D396515}.Debug|Any CPU.ActiveCfg = Debug|Any CPU
		{81A9AF47-A4C4-42C5-8494-2F628D396515}.Debug|Any CPU.Build.0 = Debug|Any CPU
		{81A9AF47-A4C4-42C5-8494-2F628D396515}.Release|Any CPU.ActiveCfg = Release|Any CPU
		{81A9AF47-A4C4-42C5-8494-2F628D396515}.Release|Any CPU.Build.0 = Release|Any CPU
	EndGlobalSection
	GlobalSection(SolutionProperties) = preSolution
		HideSolutionNode = FALSE
	EndGlobalSection
	GlobalSection(ExtensibilityGlobals) = postSolution
		SolutionGuid = {96799D0E-E326-44EA-9A39-DCC9E9CD1ECA}
	EndGlobalSection
EndGlobal
